// !$*UTF8*$!
{
	archiveVersion = 1;
	classes = {
	};
	objectVersion = 56;
	objects = {

/* Begin PBXBuildFile section */
		FC02E4672A40502A00FD6D26 /* AppDelegate.swift in Sources */ = {isa = PBXBuildFile; fileRef = FC02E4662A40502A00FD6D26 /* AppDelegate.swift */; };
		FC02E4692A40502A00FD6D26 /* SceneDelegate.swift in Sources */ = {isa = PBXBuildFile; fileRef = FC02E4682A40502A00FD6D26 /* SceneDelegate.swift */; };
		FC02E46B2A40502A00FD6D26 /* ViewController.swift in Sources */ = {isa = PBXBuildFile; fileRef = FC02E46A2A40502A00FD6D26 /* ViewController.swift */; };
		FC02E46E2A40502A00FD6D26 /* Main.storyboard in Resources */ = {isa = PBXBuildFile; fileRef = FC02E46C2A40502A00FD6D26 /* Main.storyboard */; };
		FC02E4702A40502B00FD6D26 /* Assets.xcassets in Resources */ = {isa = PBXBuildFile; fileRef = FC02E46F2A40502B00FD6D26 /* Assets.xcassets */; };
		FC02E4732A40502B00FD6D26 /* LaunchScreen.storyboard in Resources */ = {isa = PBXBuildFile; fileRef = FC02E4712A40502B00FD6D26 /* LaunchScreen.storyboard */; };
		FC02E47D2A4052EB00FD6D26 /* sample1.jp2 in Resources */ = {isa = PBXBuildFile; fileRef = FC02E47C2A4052EB00FD6D26 /* sample1.jp2 */; };
		FC02E7F62A40FE6200FD6D26 /* libopenjp2.a in Frameworks */ = {isa = PBXBuildFile; fileRef = FC02E7F12A40FE6200FD6D26 /* libopenjp2.a */; };
		FC02E81C2A419BB400FD6D26 /* CGImageJPEG2000.m in Sources */ = {isa = PBXBuildFile; fileRef = FC02E81A2A419BB400FD6D26 /* CGImageJPEG2000.m */; };
		FC02E8202A41AC9B00FD6D26 /* memory_stream.c in Sources */ = {isa = PBXBuildFile; fileRef = FC02E81F2A41AC9B00FD6D26 /* memory_stream.c */; };
		FC4555DB2A56BEF300B637C7 /* UIImage+JPEG2000.swift in Sources */ = {isa = PBXBuildFile; fileRef = FC4555DA2A56BEF300B637C7 /* UIImage+JPEG2000.swift */; };
/* End PBXBuildFile section */

/* Begin PBXFileReference section */
		FC02E4632A40502A00FD6D26 /* JPEG2000.app */ = {isa = PBXFileReference; explicitFileType = wrapper.application; includeInIndex = 0; path = JPEG2000.app; sourceTree = BUILT_PRODUCTS_DIR; };
		FC02E4662A40502A00FD6D26 /* AppDelegate.swift */ = {isa = PBXFileReference; lastKnownFileType = sourcecode.swift; path = AppDelegate.swift; sourceTree = "<group>"; };
		FC02E4682A40502A00FD6D26 /* SceneDelegate.swift */ = {isa = PBXFileReference; lastKnownFileType = sourcecode.swift; path = SceneDelegate.swift; sourceTree = "<group>"; };
		FC02E46A2A40502A00FD6D26 /* ViewController.swift */ = {isa = PBXFileReference; lastKnownFileType = sourcecode.swift; path = ViewController.swift; sourceTree = "<group>"; };
		FC02E46D2A40502A00FD6D26 /* Base */ = {isa = PBXFileReference; lastKnownFileType = file.storyboard; name = Base; path = Base.lproj/Main.storyboard; sourceTree = "<group>"; };
		FC02E46F2A40502B00FD6D26 /* Assets.xcassets */ = {isa = PBXFileReference; lastKnownFileType = folder.assetcatalog; path = Assets.xcassets; sourceTree = "<group>"; };
		FC02E4722A40502B00FD6D26 /* Base */ = {isa = PBXFileReference; lastKnownFileType = file.storyboard; name = Base; path = Base.lproj/LaunchScreen.storyboard; sourceTree = "<group>"; };
		FC02E4742A40502B00FD6D26 /* Info.plist */ = {isa = PBXFileReference; lastKnownFileType = text.plist.xml; path = Info.plist; sourceTree = "<group>"; };
		FC02E47C2A4052EB00FD6D26 /* sample1.jp2 */ = {isa = PBXFileReference; lastKnownFileType = file; path = sample1.jp2; sourceTree = "<group>"; };
		FC02E7F12A40FE6200FD6D26 /* libopenjp2.a */ = {isa = PBXFileReference; lastKnownFileType = archive.ar; path = libopenjp2.a; sourceTree = "<group>"; };
		FC02E8092A40FEFE00FD6D26 /* openjpeg.h */ = {isa = PBXFileReference; lastKnownFileType = sourcecode.c.h; path = openjpeg.h; sourceTree = "<group>"; };
		FC02E8132A40FFDE00FD6D26 /* JPEG2000-Bridging-Header.h */ = {isa = PBXFileReference; lastKnownFileType = sourcecode.c.h; path = "JPEG2000-Bridging-Header.h"; sourceTree = "<group>"; };
		FC02E8192A419BB400FD6D26 /* CGImageJPEG2000.h */ = {isa = PBXFileReference; fileEncoding = 4; lastKnownFileType = sourcecode.c.h; path = CGImageJPEG2000.h; sourceTree = "<group>"; };
		FC02E81A2A419BB400FD6D26 /* CGImageJPEG2000.m */ = {isa = PBXFileReference; fileEncoding = 4; lastKnownFileType = sourcecode.c.objc; path = CGImageJPEG2000.m; sourceTree = "<group>"; };
		FC02E81E2A41AC9B00FD6D26 /* memory_stream.h */ = {isa = PBXFileReference; lastKnownFileType = sourcecode.c.h; path = memory_stream.h; sourceTree = "<group>"; };
		FC02E81F2A41AC9B00FD6D26 /* memory_stream.c */ = {isa = PBXFileReference; lastKnownFileType = sourcecode.c.c; path = memory_stream.c; sourceTree = "<group>"; };
		FC02E8212A41AFFF00FD6D26 /* opj_stdint.h */ = {isa = PBXFileReference; lastKnownFileType = sourcecode.c.h; path = opj_stdint.h; sourceTree = "<group>"; };
		FC02E8222A41B5AE00FD6D26 /* opj_config.h */ = {isa = PBXFileReference; lastKnownFileType = sourcecode.c.h; path = opj_config.h; sourceTree = "<group>"; };
		FC4555DA2A56BEF300B637C7 /* UIImage+JPEG2000.swift */ = {isa = PBXFileReference; lastKnownFileType = sourcecode.swift; path = "UIImage+JPEG2000.swift"; sourceTree = "<group>"; };
/* End PBXFileReference section */

/* Begin PBXFrameworksBuildPhase section */
		FC02E4602A40502A00FD6D26 /* Frameworks */ = {
			isa = PBXFrameworksBuildPhase;
			buildActionMask = 2147483647;
			files = (
				FC02E7F62A40FE6200FD6D26 /* libopenjp2.a in Frameworks */,
			);
			runOnlyForDeploymentPostprocessing = 0;
		};
/* End PBXFrameworksBuildPhase section */

/* Begin PBXGroup section */
		FC02E45A2A40502A00FD6D26 = {
			isa = PBXGroup;
			children = (
				FC02E4652A40502A00FD6D26 /* JPEG2000 */,
				FC02E4642A40502A00FD6D26 /* Products */,
			);
			sourceTree = "<group>";
		};
		FC02E4642A40502A00FD6D26 /* Products */ = {
			isa = PBXGroup;
			children = (
				FC02E4632A40502A00FD6D26 /* JPEG2000.app */,
			);
			name = Products;
			sourceTree = "<group>";
		};
		FC02E4652A40502A00FD6D26 /* JPEG2000 */ = {
			isa = PBXGroup;
			children = (
				FC02E7F12A40FE6200FD6D26 /* libopenjp2.a */,
				FC02E8092A40FEFE00FD6D26 /* openjpeg.h */,
				FC02E8212A41AFFF00FD6D26 /* opj_stdint.h */,
				FC02E8222A41B5AE00FD6D26 /* opj_config.h */,
				FC02E8192A419BB400FD6D26 /* CGImageJPEG2000.h */,
				FC02E81A2A419BB400FD6D26 /* CGImageJPEG2000.m */,
				FC02E81E2A41AC9B00FD6D26 /* memory_stream.h */,
				FC02E81F2A41AC9B00FD6D26 /* memory_stream.c */,
				FC02E4662A40502A00FD6D26 /* AppDelegate.swift */,
				FC02E4682A40502A00FD6D26 /* SceneDelegate.swift */,
				FC02E46A2A40502A00FD6D26 /* ViewController.swift */,
				FC4555DA2A56BEF300B637C7 /* UIImage+JPEG2000.swift */,
				FC02E46C2A40502A00FD6D26 /* Main.storyboard */,
				FC02E46F2A40502B00FD6D26 /* Assets.xcassets */,
				FC02E4712A40502B00FD6D26 /* LaunchScreen.storyboard */,
				FC02E47C2A4052EB00FD6D26 /* sample1.jp2 */,
				FC02E8132A40FFDE00FD6D26 /* JPEG2000-Bridging-Header.h */,
				FC02E4742A40502B00FD6D26 /* Info.plist */,
			);
			path = JPEG2000;
			sourceTree = "<group>";
		};
/* End PBXGroup section */

/* Begin PBXNativeTarget section */
		FC02E4622A40502A00FD6D26 /* JPEG2000 */ = {
			isa = PBXNativeTarget;
			buildConfigurationList = FC02E4772A40502B00FD6D26 /* Build configuration list for PBXNativeTarget "JPEG2000" */;
			buildPhases = (
				FC02E45F2A40502A00FD6D26 /* Sources */,
				FC02E4602A40502A00FD6D26 /* Frameworks */,
				FC02E4612A40502A00FD6D26 /* Resources */,
			);
			buildRules = (
			);
			dependencies = (
			);
			name = JPEG2000;
			productName = JPEG2000;
			productReference = FC02E4632A40502A00FD6D26 /* JPEG2000.app */;
			productType = "com.apple.product-type.application";
		};
/* End PBXNativeTarget section */

/* Begin PBXProject section */
		FC02E45B2A40502A00FD6D26 /* Project object */ = {
			isa = PBXProject;
			attributes = {
				BuildIndependentTargetsInParallel = 1;
				LastSwiftUpdateCheck = 1420;
				LastUpgradeCheck = 1420;
				TargetAttributes = {
					FC02E4622A40502A00FD6D26 = {
						CreatedOnToolsVersion = 14.2;
						LastSwiftMigration = 1420;
					};
				};
			};
			buildConfigurationList = FC02E45E2A40502A00FD6D26 /* Build configuration list for PBXProject "JPEG2000" */;
			compatibilityVersion = "Xcode 14.0";
			developmentRegion = en;
			hasScannedForEncodings = 0;
			knownRegions = (
				en,
				Base,
			);
			mainGroup = FC02E45A2A40502A00FD6D26;
			productRefGroup = FC02E4642A40502A00FD6D26 /* Products */;
			projectDirPath = "";
			projectRoot = "";
			targets = (
				FC02E4622A40502A00FD6D26 /* JPEG2000 */,
			);
		};
/* End PBXProject section */

/* Begin PBXResourcesBuildPhase section */
		FC02E4612A40502A00FD6D26 /* Resources */ = {
			isa = PBXResourcesBuildPhase;
			buildActionMask = 2147483647;
			files = (
				FC02E4732A40502B00FD6D26 /* LaunchScreen.storyboard in Resources */,
				FC02E47D2A4052EB00FD6D26 /* sample1.jp2 in Resources */,
				FC02E4702A40502B00FD6D26 /* Assets.xcassets in Resources */,
				FC02E46E2A40502A00FD6D26 /* Main.storyboard in Resources */,
			);
			runOnlyForDeploymentPostprocessing = 0;
		};
/* End PBXResourcesBuildPhase section */

/* Begin PBXSourcesBuildPhase section */
		FC02E45F2A40502A00FD6D26 /* Sources */ = {
			isa = PBXSourcesBuildPhase;
			buildActionMask = 2147483647;
			files = (
				FC02E46B2A40502A00FD6D26 /* ViewController.swift in Sources */,
				FC02E81C2A419BB400FD6D26 /* CGImageJPEG2000.m in Sources */,
				FC02E8202A41AC9B00FD6D26 /* memory_stream.c in Sources */,
				FC02E4672A40502A00FD6D26 /* AppDelegate.swift in Sources */,
				FC02E4692A40502A00FD6D26 /* SceneDelegate.swift in Sources */,
				FC4555DB2A56BEF300B637C7 /* UIImage+JPEG2000.swift in Sources */,
			);
			runOnlyForDeploymentPostprocessing = 0;
		};
/* End PBXSourcesBuildPhase section */

/* Begin PBXVariantGroup section */
		FC02E46C2A40502A00FD6D26 /* Main.storyboard */ = {
			isa = PBXVariantGroup;
			children = (
				FC02E46D2A40502A00FD6D26 /* Base */,
			);
			name = Main.storyboard;
			sourceTree = "<group>";
		};
		FC02E4712A40502B00FD6D26 /* LaunchScreen.storyboard */ = {
			isa = PBXVariantGroup;
			children = (
				FC02E4722A40502B00FD6D26 /* Base */,
			);
			name = LaunchScreen.storyboard;
			sourceTree = "<group>";
		};
/* End PBXVariantGroup section */

/* Begin XCBuildConfiguration section */
		FC02E4752A40502B00FD6D26 /* Debug */ = {
			isa = XCBuildConfiguration;
			buildSettings = {
				ALWAYS_SEARCH_USER_PATHS = NO;
				CLANG_ANALYZER_NONNULL = YES;
				CLANG_ANALYZER_NUMBER_OBJECT_CONVERSION = YES_AGGRESSIVE;
				CLANG_CXX_LANGUAGE_STANDARD = "gnu++20";
				CLANG_ENABLE_MODULES = YES;
				CLANG_ENABLE_OBJC_ARC = YES;
				CLANG_ENABLE_OBJC_WEAK = YES;
				CLANG_WARN_BLOCK_CAPTURE_AUTORELEASING = YES;
				CLANG_WARN_BOOL_CONVERSION = YES;
				CLANG_WARN_COMMA = YES;
				CLANG_WARN_CONSTANT_CONVERSION = YES;
				CLANG_WARN_DEPRECATED_OBJC_IMPLEMENTATIONS = YES;
				CLANG_WARN_DIRECT_OBJC_ISA_USAGE = YES_ERROR;
				CLANG_WARN_DOCUMENTATION_COMMENTS = YES;
				CLANG_WARN_EMPTY_BODY = YES;
				CLANG_WARN_ENUM_CONVERSION = YES;
				CLANG_WARN_INFINITE_RECURSION = YES;
				CLANG_WARN_INT_CONVERSION = YES;
				CLANG_WARN_NON_LITERAL_NULL_CONVERSION = YES;
				CLANG_WARN_OBJC_IMPLICIT_RETAIN_SELF = YES;
				CLANG_WARN_OBJC_LITERAL_CONVERSION = YES;
				CLANG_WARN_OBJC_ROOT_CLASS = YES_ERROR;
				CLANG_WARN_QUOTED_INCLUDE_IN_FRAMEWORK_HEADER = YES;
				CLANG_WARN_RANGE_LOOP_ANALYSIS = YES;
				CLANG_WARN_STRICT_PROTOTYPES = YES;
				CLANG_WARN_SUSPICIOUS_MOVE = YES;
				CLANG_WARN_UNGUARDED_AVAILABILITY = YES_AGGRESSIVE;
				CLANG_WARN_UNREACHABLE_CODE = YES;
				CLANG_WARN__DUPLICATE_METHOD_MATCH = YES;
				COPY_PHASE_STRIP = NO;
				DEBUG_INFORMATION_FORMAT = dwarf;
				ENABLE_STRICT_OBJC_MSGSEND = YES;
				ENABLE_TESTABILITY = YES;
				GCC_C_LANGUAGE_STANDARD = gnu11;
				GCC_DYNAMIC_NO_PIC = NO;
				GCC_NO_COMMON_BLOCKS = YES;
				GCC_OPTIMIZATION_LEVEL = 0;
				GCC_PREPROCESSOR_DEFINITIONS = (
					"DEBUG=1",
					"$(inherited)",
				);
				GCC_WARN_64_TO_32_BIT_CONVERSION = YES;
				GCC_WARN_ABOUT_RETURN_TYPE = YES_ERROR;
				GCC_WARN_UNDECLARED_SELECTOR = YES;
				GCC_WARN_UNINITIALIZED_AUTOS = YES_AGGRESSIVE;
				GCC_WARN_UNUSED_FUNCTION = YES;
				GCC_WARN_UNUSED_VARIABLE = YES;
				IPHONEOS_DEPLOYMENT_TARGET = 16.2;
				LIBRARY_SEARCH_PATHS = "$(PROJECT_DIR)/**";
				MTL_ENABLE_DEBUG_INFO = INCLUDE_SOURCE;
				MTL_FAST_MATH = YES;
				ONLY_ACTIVE_ARCH = YES;
				SDKROOT = iphoneos;
				SWIFT_ACTIVE_COMPILATION_CONDITIONS = DEBUG;
				SWIFT_OBJC_BRIDGING_HEADER = "$(SRCROOT)/JPEG2000-Bridging-Header.h";
				SWIFT_OPTIMIZATION_LEVEL = "-Onone";
			};
			name = Debug;
		};
		FC02E4762A40502B00FD6D26 /* Release */ = {
			isa = XCBuildConfiguration;
			buildSettings = {
				ALWAYS_SEARCH_USER_PATHS = NO;
				CLANG_ANALYZER_NONNULL = YES;
				CLANG_ANALYZER_NUMBER_OBJECT_CONVERSION = YES_AGGRESSIVE;
				CLANG_CXX_LANGUAGE_STANDARD = "gnu++20";
				CLANG_ENABLE_MODULES = YES;
				CLANG_ENABLE_OBJC_ARC = YES;
				CLANG_ENABLE_OBJC_WEAK = YES;
				CLANG_WARN_BLOCK_CAPTURE_AUTORELEASING = YES;
				CLANG_WARN_BOOL_CONVERSION = YES;
				CLANG_WARN_COMMA = YES;
				CLANG_WARN_CONSTANT_CONVERSION = YES;
				CLANG_WARN_DEPRECATED_OBJC_IMPLEMENTATIONS = YES;
				CLANG_WARN_DIRECT_OBJC_ISA_USAGE = YES_ERROR;
				CLANG_WARN_DOCUMENTATION_COMMENTS = YES;
				CLANG_WARN_EMPTY_BODY = YES;
				CLANG_WARN_ENUM_CONVERSION = YES;
				CLANG_WARN_INFINITE_RECURSION = YES;
				CLANG_WARN_INT_CONVERSION = YES;
				CLANG_WARN_NON_LITERAL_NULL_CONVERSION = YES;
				CLANG_WARN_OBJC_IMPLICIT_RETAIN_SELF = YES;
				CLANG_WARN_OBJC_LITERAL_CONVERSION = YES;
				CLANG_WARN_OBJC_ROOT_CLASS = YES_ERROR;
				CLANG_WARN_QUOTED_INCLUDE_IN_FRAMEWORK_HEADER = YES;
				CLANG_WARN_RANGE_LOOP_ANALYSIS = YES;
				CLANG_WARN_STRICT_PROTOTYPES = YES;
				CLANG_WARN_SUSPICIOUS_MOVE = YES;
				CLANG_WARN_UNGUARDED_AVAILABILITY = YES_AGGRESSIVE;
				CLANG_WARN_UNREACHABLE_CODE = YES;
				CLANG_WARN__DUPLICATE_METHOD_MATCH = YES;
				COPY_PHASE_STRIP = NO;
				DEBUG_INFORMATION_FORMAT = "dwarf-with-dsym";
				ENABLE_NS_ASSERTIONS = NO;
				ENABLE_STRICT_OBJC_MSGSEND = YES;
				GCC_C_LANGUAGE_STANDARD = gnu11;
				GCC_NO_COMMON_BLOCKS = YES;
				GCC_WARN_64_TO_32_BIT_CONVERSION = YES;
				GCC_WARN_ABOUT_RETURN_TYPE = YES_ERROR;
				GCC_WARN_UNDECLARED_SELECTOR = YES;
				GCC_WARN_UNINITIALIZED_AUTOS = YES_AGGRESSIVE;
				GCC_WARN_UNUSED_FUNCTION = YES;
				GCC_WARN_UNUSED_VARIABLE = YES;
				IPHONEOS_DEPLOYMENT_TARGET = 16.2;
				LIBRARY_SEARCH_PATHS = "$(PROJECT_DIR)/**";
				MTL_ENABLE_DEBUG_INFO = NO;
				MTL_FAST_MATH = YES;
				SDKROOT = iphoneos;
				SWIFT_COMPILATION_MODE = wholemodule;
				SWIFT_OBJC_BRIDGING_HEADER = "$(SRCROOT)/JPEG2000-Bridging-Header.h";
				SWIFT_OPTIMIZATION_LEVEL = "-O";
				VALIDATE_PRODUCT = YES;
			};
			name = Release;
		};
		FC02E4782A40502B00FD6D26 /* Debug */ = {
			isa = XCBuildConfiguration;
			buildSettings = {
				ASSETCATALOG_COMPILER_APPICON_NAME = AppIcon;
				ASSETCATALOG_COMPILER_GLOBAL_ACCENT_COLOR_NAME = AccentColor;
				CLANG_ENABLE_MODULES = YES;
				CODE_SIGN_STYLE = Automatic;
				CURRENT_PROJECT_VERSION = 1;
				DEVELOPMENT_TEAM = EF75UV5WH7;
				GENERATE_INFOPLIST_FILE = YES;
				INFOPLIST_FILE = JPEG2000/Info.plist;
				INFOPLIST_KEY_UIApplicationSupportsIndirectInputEvents = YES;
				INFOPLIST_KEY_UILaunchStoryboardName = LaunchScreen;
				INFOPLIST_KEY_UIMainStoryboardFile = Main;
				INFOPLIST_KEY_UISupportedInterfaceOrientations = UIInterfaceOrientationPortrait;
				IPHONEOS_DEPLOYMENT_TARGET = 13.0;
				LD_RUNPATH_SEARCH_PATHS = (
					"$(inherited)",
					"@executable_path/Frameworks",
				);
				LIBRARY_SEARCH_PATHS = (
					"$(inherited)",
					"$(PROJECT_DIR)/JPEG2000",
				);
				MARKETING_VERSION = 1.0;
				PRODUCT_BUNDLE_IDENTIFIER = me.jonathanellis.JPEG2000;
				PRODUCT_NAME = "$(TARGET_NAME)";
				SWIFT_EMIT_LOC_STRINGS = YES;
				SWIFT_OBJC_BRIDGING_HEADER = "JPEG2000/JPEG2000-Bridging-Header.h";
				SWIFT_OPTIMIZATION_LEVEL = "-Onone";
				SWIFT_VERSION = 5.0;
				TARGETED_DEVICE_FAMILY = "1,2";
			};
			name = Debug;
		};
		FC02E4792A40502B00FD6D26 /* Release */ = {
			isa = XCBuildConfiguration;
			buildSettings = {
				ASSETCATALOG_COMPILER_APPICON_NAME = AppIcon;
				ASSETCATALOG_COMPILER_GLOBAL_ACCENT_COLOR_NAME = AccentColor;
				CLANG_ENABLE_MODULES = YES;
				CODE_SIGN_STYLE = Automatic;
				CURRENT_PROJECT_VERSION = 1;
				DEVELOPMENT_TEAM = EF75UV5WH7;
				GENERATE_INFOPLIST_FILE = YES;
				INFOPLIST_FILE = JPEG2000/Info.plist;
				INFOPLIST_KEY_UIApplicationSupportsIndirectInputEvents = YES;
				INFOPLIST_KEY_UILaunchStoryboardName = LaunchScreen;
				INFOPLIST_KEY_UIMainStoryboardFile = Main;
				INFOPLIST_KEY_UISupportedInterfaceOrientations = UIInterfaceOrientationPortrait;
				IPHONEOS_DEPLOYMENT_TARGET = 13.0;
				LD_RUNPATH_SEARCH_PATHS = (
					"$(inherited)",
					"@executable_path/Frameworks",
				);
				LIBRARY_SEARCH_PATHS = (
					"$(inherited)",
					"$(PROJECT_DIR)/JPEG2000",
				);
				MARKETING_VERSION = 1.0;
				PRODUCT_BUNDLE_IDENTIFIER = me.jonathanellis.JPEG2000;
				PRODUCT_NAME = "$(TARGET_NAME)";
				SWIFT_EMIT_LOC_STRINGS = YES;
				SWIFT_OBJC_BRIDGING_HEADER = "JPEG2000/JPEG2000-Bridging-Header.h";
				SWIFT_VERSION = 5.0;
				TARGETED_DEVICE_FAMILY = "1,2";
			};
			name = Release;
		};
/* End XCBuildConfiguration section */

/* Begin XCConfigurationList section */
		FC02E45E2A40502A00FD6D26 /* Build configuration list for PBXProject "JPEG2000" */ = {
			isa = XCConfigurationList;
			buildConfigurations = (
				FC02E4752A40502B00FD6D26 /* Debug */,
				FC02E4762A40502B00FD6D26 /* Release */,
			);
			defaultConfigurationIsVisible = 0;
			defaultConfigurationName = Release;
		};
		FC02E4772A40502B00FD6D26 /* Build configuration list for PBXNativeTarget "JPEG2000" */ = {
			isa = XCConfigurationList;
			buildConfigurations = (
				FC02E4782A40502B00FD6D26 /* Debug */,
				FC02E4792A40502B00FD6D26 /* Release */,
			);
			defaultConfigurationIsVisible = 0;
			defaultConfigurationName = Release;
		};
/* End XCConfigurationList section */
	};
	rootObject = FC02E45B2A40502A00FD6D26 /* Project object */;
}
